
Microsoft Visual Studio Solution File, Format Version 12.00
# Visual Studio Version 17
VisualStudioVersion = 17.2.32519.379
MinimumVisualStudioVersion = 10.0.40219.1
Project("{FAE04EC0-301F-11D3-BF4B-00C04F79EFBC}") = "BOOK", "BOOK\BOOK.csproj", "{522F7D4C-DEAE-41CE-A010-F27ED8720465}"
EndProject
Global
	GlobalSection(SolutionConfigurationPlatforms) = preSolution
		Debug|Any CPU = Debug|Any CPU
		Release|Any CPU = Release|Any CPU
	EndGlobalSection
	GlobalSection(ProjectConfigurationPlatforms) = postSolution
		{522F7D4C-DEAE-41CE-A010-F27ED8720465}.Debug|Any CPU.ActiveCfg = Debug|Any CPU
		{522F7D4C-DEAE-41CE-A010-F27ED8720465}.Debug|Any CPU.Build.0 = Debug|Any CPU
		{522F7D4C-DEAE-41CE-A010-F27ED8720465}.Release|Any CPU.ActiveCfg = Release|Any CPU
		{522F7D4C-DEAE-41CE-A010-F27ED8720465}.Release|Any CPU.Build.0 = Release|Any CPU
	EndGlobalSection
	GlobalSection(SolutionProperties) = preSolution
		HideSolutionNode = FALSE
	EndGlobalSection
	GlobalSection(ExtensibilityGlobals) = postSolution
		SolutionGuid = {11B665CA-7F2F-4317-91FE-2B0A15E881F8}
	EndGlobalSection
EndGlobal
